
Microsoft Visual Studio Solution File, Format Version 12.00
# Visual Studio Version 17
VisualStudioVersion = 17.9.34622.214
MinimumVisualStudioVersion = 10.0.40219.1
Project("{8BC9CEB8-8B4A-11D0-8D11-00A0C91BC942}") = "002_a와 b 출력하기", "002_a와 b 출력하기\002_a와 b 출력하기.vcxproj", "{88AFD9CF-3BB7-4DE1-A085-E7F6675199AC}"
EndProject
Project("{8BC9CEB8-8B4A-11D0-8D11-00A0C91BC942}") = "001_문자열_출력하기", "001_문자열_출력하기\001_문자열_출력하기.vcxproj", "{9D2CBA89-E829-4B43-BD6E-0469FF54224E}"
EndProject
Project("{8BC9CEB8-8B4A-11D0-8D11-00A0C91BC942}") = "003_문자열 반복해서 출력하기", "003_문자열 반복해서 출력하기\003_문자열 반복해서 출력하기.vcxproj", "{A7FF5CB8-8099-4043-B6FF-C6BA3A0A386A}"
EndProject
Project("{8BC9CEB8-8B4A-11D0-8D11-00A0C91BC942}") = "004_대소문자 바꿔서 출력하기", "004_대소문자 바꿔서 출력하기\004_대소문자 바꿔서 출력하기.vcxproj", "{CCCD13AF-BA74-4C4C-A794-4507C90E445A}"
EndProject
Project("{8BC9CEB8-8B4A-11D0-8D11-00A0C91BC942}") = "005_특수문자 출력하기", "005_특수문자 출력하기\005_특수문자 출력하기.vcxproj", "{8C25BC9E-44DD-4B3E-B742-785E4842375F}"
EndProject
Project("{8BC9CEB8-8B4A-11D0-8D11-00A0C91BC942}") = "006_덧셈식 출력하기", "006_덧셈식 출력하기\006_덧셈식 출력하기.vcxproj", "{B7B73D5F-2360-49A6-8084-E5F75CA38C2B}"
EndProject
Project("{8BC9CEB8-8B4A-11D0-8D11-00A0C91BC942}") = "007_문자열 붙여서 출력하기", "007_문자열 붙여서 출력하기\007_문자열 붙여서 출력하기.vcxproj", "{87ABC9AB-2E2A-42AB-BBFE-C333A145F374}"
EndProject
Project("{8BC9CEB8-8B4A-11D0-8D11-00A0C91BC942}") = "008_문자열 돌리기", "008_문자열 돌리기\008_문자열 돌리기.vcxproj", "{42886AFB-773C-4DC8-9933-CD3D4D7746FD}"
EndProject
Project("{8BC9CEB8-8B4A-11D0-8D11-00A0C91BC942}") = "009_홀짝 구분하기", "009_홀짝 구분하기\009_홀짝 구분하기.vcxproj", "{180329C6-6874-4D37-9FCE-C2C0F2F684FC}"
EndProject
Project("{8BC9CEB8-8B4A-11D0-8D11-00A0C91BC942}") = "010_문자열 겹쳐쓰기", "010_문자열 겹쳐쓰기\010_문자열 겹쳐쓰기.vcxproj", "{9367F81B-A841-4FA3-83F5-4A26ED4C9A4E}"
EndProject
Project("{8BC9CEB8-8B4A-11D0-8D11-00A0C91BC942}") = "011_문자열 섞기", "011_문자열 섞기\011_문자열 섞기.vcxproj", "{6477BBF3-2464-4EF6-A2C9-00B1DA9EFE0C}"
EndProject
Project("{8BC9CEB8-8B4A-11D0-8D11-00A0C91BC942}") = "012_문자 리스트를 문자열로 변환하기", "012_문자 리스트를 문자열로 변환하기\012_문자 리스트를 문자열로 변환하기.vcxproj", "{D9E298F1-E575-4DC7-8F84-91D1C6C41B46}"
EndProject
Project("{8BC9CEB8-8B4A-11D0-8D11-00A0C91BC942}") = "013_문자열 곱하기", "013_문자열 곱하기\013_문자열 곱하기.vcxproj", "{A9C74EE5-C893-45A6-861A-3FABC340657C}"
EndProject
Project("{8BC9CEB8-8B4A-11D0-8D11-00A0C91BC942}") = "014_더 크게 합치기", "014_더 크게 합치기\014_더 크게 합치기.vcxproj", "{E3AAF09B-927C-4241-A7EA-D817A5AFCC87}"
EndProject
Project("{8BC9CEB8-8B4A-11D0-8D11-00A0C91BC942}") = "015_두 수의 연산값 비교하기", "015_두 수의 연산값 비교하기\015_두 수의 연산값 비교하기.vcxproj", "{4812EF64-C613-4042-BD5C-43132B274964}"
EndProject
Project("{8BC9CEB8-8B4A-11D0-8D11-00A0C91BC942}") = "016_n의 배수", "016_n의 배수\016_n의 배수.vcxproj", "{18EE42F8-526F-4569-B2B2-C595CEEBEC3B}"
EndProject
Project("{8BC9CEB8-8B4A-11D0-8D11-00A0C91BC942}") = "017_공배수", "017_공배수\017_공배수.vcxproj", "{A48D3DB3-2597-4A48-879F-934E574AFD04}"
EndProject
Project("{8BC9CEB8-8B4A-11D0-8D11-00A0C91BC942}") = "018_홀짝에 따라 다른 값 반환하기", "018_홀짝에 따라 다른 값 반환하기\018_홀짝에 따라 다른 값 반환하기.vcxproj", "{A9AAF5D7-A5D8-487F-BDDA-4412DAB616CA}"
EndProject
Project("{8BC9CEB8-8B4A-11D0-8D11-00A0C91BC942}") = "019_조건 문자열", "019_조건 문자열\019_조건 문자열.vcxproj", "{03E920FE-08B9-4726-84B0-F2DE943AF6B8}"
EndProject
Project("{8BC9CEB8-8B4A-11D0-8D11-00A0C91BC942}") = "020_flag에 따라 다른 값 반환하기", "020_flag에 따라 다른 값 반환하기\020_flag에 따라 다른 값 반환하기.vcxproj", "{379AC64A-C1D9-48A8-B5F0-0AFBB7AAB120}"
EndProject
Global
	GlobalSection(SolutionConfigurationPlatforms) = preSolution
		Debug|x64 = Debug|x64
		Debug|x86 = Debug|x86
		Release|x64 = Release|x64
		Release|x86 = Release|x86
	EndGlobalSection
	GlobalSection(ProjectConfigurationPlatforms) = postSolution
		{88AFD9CF-3BB7-4DE1-A085-E7F6675199AC}.Debug|x64.ActiveCfg = Debug|x64
		{88AFD9CF-3BB7-4DE1-A085-E7F6675199AC}.Debug|x64.Build.0 = Debug|x64
		{88AFD9CF-3BB7-4DE1-A085-E7F6675199AC}.Debug|x86.ActiveCfg = Debug|Win32
		{88AFD9CF-3BB7-4DE1-A085-E7F6675199AC}.Debug|x86.Build.0 = Debug|Win32
		{88AFD9CF-3BB7-4DE1-A085-E7F6675199AC}.Release|x64.ActiveCfg = Release|x64
		{88AFD9CF-3BB7-4DE1-A085-E7F6675199AC}.Release|x64.Build.0 = Release|x64
		{88AFD9CF-3BB7-4DE1-A085-E7F6675199AC}.Release|x86.ActiveCfg = Release|Win32
		{88AFD9CF-3BB7-4DE1-A085-E7F6675199AC}.Release|x86.Build.0 = Release|Win32
		{9D2CBA89-E829-4B43-BD6E-0469FF54224E}.Debug|x64.ActiveCfg = Debug|x64
		{9D2CBA89-E829-4B43-BD6E-0469FF54224E}.Debug|x64.Build.0 = Debug|x64
		{9D2CBA89-E829-4B43-BD6E-0469FF54224E}.Debug|x86.ActiveCfg = Debug|Win32
		{9D2CBA89-E829-4B43-BD6E-0469FF54224E}.Debug|x86.Build.0 = Debug|Win32
		{9D2CBA89-E829-4B43-BD6E-0469FF54224E}.Release|x64.ActiveCfg = Release|x64
		{9D2CBA89-E829-4B43-BD6E-0469FF54224E}.Release|x64.Build.0 = Release|x64
		{9D2CBA89-E829-4B43-BD6E-0469FF54224E}.Release|x86.ActiveCfg = Release|Win32
		{9D2CBA89-E829-4B43-BD6E-0469FF54224E}.Release|x86.Build.0 = Release|Win32
		{A7FF5CB8-8099-4043-B6FF-C6BA3A0A386A}.Debug|x64.ActiveCfg = Debug|x64
		{A7FF5CB8-8099-4043-B6FF-C6BA3A0A386A}.Debug|x64.Build.0 = Debug|x64
		{A7FF5CB8-8099-4043-B6FF-C6BA3A0A386A}.Debug|x86.ActiveCfg = Debug|Win32
		{A7FF5CB8-8099-4043-B6FF-C6BA3A0A386A}.Debug|x86.Build.0 = Debug|Win32
		{A7FF5CB8-8099-4043-B6FF-C6BA3A0A386A}.Release|x64.ActiveCfg = Release|x64
		{A7FF5CB8-8099-4043-B6FF-C6BA3A0A386A}.Release|x64.Build.0 = Release|x64
		{A7FF5CB8-8099-4043-B6FF-C6BA3A0A386A}.Release|x86.ActiveCfg = Release|Win32
		{A7FF5CB8-8099-4043-B6FF-C6BA3A0A386A}.Release|x86.Build.0 = Release|Win32
		{CCCD13AF-BA74-4C4C-A794-4507C90E445A}.Debug|x64.ActiveCfg = Debug|x64
		{CCCD13AF-BA74-4C4C-A794-4507C90E445A}.Debug|x64.Build.0 = Debug|x64
		{CCCD13AF-BA74-4C4C-A794-4507C90E445A}.Debug|x86.ActiveCfg = Debug|Win32
		{CCCD13AF-BA74-4C4C-A794-4507C90E445A}.Debug|x86.Build.0 = Debug|Win32
		{CCCD13AF-BA74-4C4C-A794-4507C90E445A}.Release|x64.ActiveCfg = Release|x64
		{CCCD13AF-BA74-4C4C-A794-4507C90E445A}.Release|x64.Build.0 = Release|x64
		{CCCD13AF-BA74-4C4C-A794-4507C90E445A}.Release|x86.ActiveCfg = Release|Win32
		{CCCD13AF-BA74-4C4C-A794-4507C90E445A}.Release|x86.Build.0 = Release|Win32
		{8C25BC9E-44DD-4B3E-B742-785E4842375F}.Debug|x64.ActiveCfg = Debug|x64
		{8C25BC9E-44DD-4B3E-B742-785E4842375F}.Debug|x64.Build.0 = Debug|x64
		{8C25BC9E-44DD-4B3E-B742-785E4842375F}.Debug|x86.ActiveCfg = Debug|Win32
		{8C25BC9E-44DD-4B3E-B742-785E4842375F}.Debug|x86.Build.0 = Debug|Win32
		{8C25BC9E-44DD-4B3E-B742-785E4842375F}.Release|x64.ActiveCfg = Release|x64
		{8C25BC9E-44DD-4B3E-B742-785E4842375F}.Release|x64.Build.0 = Release|x64
		{8C25BC9E-44DD-4B3E-B742-785E4842375F}.Release|x86.ActiveCfg = Release|Win32
		{8C25BC9E-44DD-4B3E-B742-785E4842375F}.Release|x86.Build.0 = Release|Win32
		{B7B73D5F-2360-49A6-8084-E5F75CA38C2B}.Debug|x64.ActiveCfg = Debug|x64
		{B7B73D5F-2360-49A6-8084-E5F75CA38C2B}.Debug|x64.Build.0 = Debug|x64
		{B7B73D5F-2360-49A6-8084-E5F75CA38C2B}.Debug|x86.ActiveCfg = Debug|Win32
		{B7B73D5F-2360-49A6-8084-E5F75CA38C2B}.Debug|x86.Build.0 = Debug|Win32
		{B7B73D5F-2360-49A6-8084-E5F75CA38C2B}.Release|x64.ActiveCfg = Release|x64
		{B7B73D5F-2360-49A6-8084-E5F75CA38C2B}.Release|x64.Build.0 = Release|x64
		{B7B73D5F-2360-49A6-8084-E5F75CA38C2B}.Release|x86.ActiveCfg = Release|Win32
		{B7B73D5F-2360-49A6-8084-E5F75CA38C2B}.Release|x86.Build.0 = Release|Win32
		{87ABC9AB-2E2A-42AB-BBFE-C333A145F374}.Debug|x64.ActiveCfg = Debug|x64
		{87ABC9AB-2E2A-42AB-BBFE-C333A145F374}.Debug|x64.Build.0 = Debug|x64
		{87ABC9AB-2E2A-42AB-BBFE-C333A145F374}.Debug|x86.ActiveCfg = Debug|Win32
		{87ABC9AB-2E2A-42AB-BBFE-C333A145F374}.Debug|x86.Build.0 = Debug|Win32
		{87ABC9AB-2E2A-42AB-BBFE-C333A145F374}.Release|x64.ActiveCfg = Release|x64
		{87ABC9AB-2E2A-42AB-BBFE-C333A145F374}.Release|x64.Build.0 = Release|x64
		{87ABC9AB-2E2A-42AB-BBFE-C333A145F374}.Release|x86.ActiveCfg = Release|Win32
		{87ABC9AB-2E2A-42AB-BBFE-C333A145F374}.Release|x86.Build.0 = Release|Win32
		{42886AFB-773C-4DC8-9933-CD3D4D7746FD}.Debug|x64.ActiveCfg = Debug|x64
		{42886AFB-773C-4DC8-9933-CD3D4D7746FD}.Debug|x64.Build.0 = Debug|x64
		{42886AFB-773C-4DC8-9933-CD3D4D7746FD}.Debug|x86.ActiveCfg = Debug|Win32
		{42886AFB-773C-4DC8-9933-CD3D4D7746FD}.Debug|x86.Build.0 = Debug|Win32
		{42886AFB-773C-4DC8-9933-CD3D4D7746FD}.Release|x64.ActiveCfg = Release|x64
		{42886AFB-773C-4DC8-9933-CD3D4D7746FD}.Release|x64.Build.0 = Release|x64
		{42886AFB-773C-4DC8-9933-CD3D4D7746FD}.Release|x86.ActiveCfg = Release|Win32
		{42886AFB-773C-4DC8-9933-CD3D4D7746FD}.Release|x86.Build.0 = Release|Win32
		{180329C6-6874-4D37-9FCE-C2C0F2F684FC}.Debug|x64.ActiveCfg = Debug|x64
		{180329C6-6874-4D37-9FCE-C2C0F2F684FC}.Debug|x64.Build.0 = Debug|x64
		{180329C6-6874-4D37-9FCE-C2C0F2F684FC}.Debug|x86.ActiveCfg = Debug|Win32
		{180329C6-6874-4D37-9FCE-C2C0F2F684FC}.Debug|x86.Build.0 = Debug|Win32
		{180329C6-6874-4D37-9FCE-C2C0F2F684FC}.Release|x64.ActiveCfg = Release|x64
		{180329C6-6874-4D37-9FCE-C2C0F2F684FC}.Release|x64.Build.0 = Release|x64
		{180329C6-6874-4D37-9FCE-C2C0F2F684FC}.Release|x86.ActiveCfg = Release|Win32
		{180329C6-6874-4D37-9FCE-C2C0F2F684FC}.Release|x86.Build.0 = Release|Win32
		{9367F81B-A841-4FA3-83F5-4A26ED4C9A4E}.Debug|x64.ActiveCfg = Debug|x64
		{9367F81B-A841-4FA3-83F5-4A26ED4C9A4E}.Debug|x64.Build.0 = Debug|x64
		{9367F81B-A841-4FA3-83F5-4A26ED4C9A4E}.Debug|x86.ActiveCfg = Debug|Win32
		{9367F81B-A841-4FA3-83F5-4A26ED4C9A4E}.Debug|x86.Build.0 = Debug|Win32
		{9367F81B-A841-4FA3-83F5-4A26ED4C9A4E}.Release|x64.ActiveCfg = Release|x64
		{9367F81B-A841-4FA3-83F5-4A26ED4C9A4E}.Release|x64.Build.0 = Release|x64
		{9367F81B-A841-4FA3-83F5-4A26ED4C9A4E}.Release|x86.ActiveCfg = Release|Win32
		{9367F81B-A841-4FA3-83F5-4A26ED4C9A4E}.Release|x86.Build.0 = Release|Win32
		{6477BBF3-2464-4EF6-A2C9-00B1DA9EFE0C}.Debug|x64.ActiveCfg = Debug|x64
		{6477BBF3-2464-4EF6-A2C9-00B1DA9EFE0C}.Debug|x64.Build.0 = Debug|x64
		{6477BBF3-2464-4EF6-A2C9-00B1DA9EFE0C}.Debug|x86.ActiveCfg = Debug|Win32
		{6477BBF3-2464-4EF6-A2C9-00B1DA9EFE0C}.Debug|x86.Build.0 = Debug|Win32
		{6477BBF3-2464-4EF6-A2C9-00B1DA9EFE0C}.Release|x64.ActiveCfg = Release|x64
		{6477BBF3-2464-4EF6-A2C9-00B1DA9EFE0C}.Release|x64.Build.0 = Release|x64
		{6477BBF3-2464-4EF6-A2C9-00B1DA9EFE0C}.Release|x86.ActiveCfg = Release|Win32
		{6477BBF3-2464-4EF6-A2C9-00B1DA9EFE0C}.Release|x86.Build.0 = Release|Win32
		{D9E298F1-E575-4DC7-8F84-91D1C6C41B46}.Debug|x64.ActiveCfg = Debug|x64
		{D9E298F1-E575-4DC7-8F84-91D1C6C41B46}.Debug|x64.Build.0 = Debug|x64
		{D9E298F1-E575-4DC7-8F84-91D1C6C41B46}.Debug|x86.ActiveCfg = Debug|Win32
		{D9E298F1-E575-4DC7-8F84-91D1C6C41B46}.Debug|x86.Build.0 = Debug|Win32
		{D9E298F1-E575-4DC7-8F84-91D1C6C41B46}.Release|x64.ActiveCfg = Release|x64
		{D9E298F1-E575-4DC7-8F84-91D1C6C41B46}.Release|x64.Build.0 = Release|x64
		{D9E298F1-E575-4DC7-8F84-91D1C6C41B46}.Release|x86.ActiveCfg = Release|Win32
		{D9E298F1-E575-4DC7-8F84-91D1C6C41B46}.Release|x86.Build.0 = Release|Win32
		{A9C74EE5-C893-45A6-861A-3FABC340657C}.Debug|x64.ActiveCfg = Debug|x64
		{A9C74EE5-C893-45A6-861A-3FABC340657C}.Debug|x64.Build.0 = Debug|x64
		{A9C74EE5-C893-45A6-861A-3FABC340657C}.Debug|x86.ActiveCfg = Debug|Win32
		{A9C74EE5-C893-45A6-861A-3FABC340657C}.Debug|x86.Build.0 = Debug|Win32
		{A9C74EE5-C893-45A6-861A-3FABC340657C}.Release|x64.ActiveCfg = Release|x64
		{A9C74EE5-C893-45A6-861A-3FABC340657C}.Release|x64.Build.0 = Release|x64
		{A9C74EE5-C893-45A6-861A-3FABC340657C}.Release|x86.ActiveCfg = Release|Win32
		{A9C74EE5-C893-45A6-861A-3FABC340657C}.Release|x86.Build.0 = Release|Win32
		{E3AAF09B-927C-4241-A7EA-D817A5AFCC87}.Debug|x64.ActiveCfg = Debug|x64
		{E3AAF09B-927C-4241-A7EA-D817A5AFCC87}.Debug|x64.Build.0 = Debug|x64
		{E3AAF09B-927C-4241-A7EA-D817A5AFCC87}.Debug|x86.ActiveCfg = Debug|Win32
		{E3AAF09B-927C-4241-A7EA-D817A5AFCC87}.Debug|x86.Build.0 = Debug|Win32
		{E3AAF09B-927C-4241-A7EA-D817A5AFCC87}.Release|x64.ActiveCfg = Release|x64
		{E3AAF09B-927C-4241-A7EA-D817A5AFCC87}.Release|x64.Build.0 = Release|x64
		{E3AAF09B-927C-4241-A7EA-D817A5AFCC87}.Release|x86.ActiveCfg = Release|Win32
		{E3AAF09B-927C-4241-A7EA-D817A5AFCC87}.Release|x86.Build.0 = Release|Win32
		{4812EF64-C613-4042-BD5C-43132B274964}.Debug|x64.ActiveCfg = Debug|x64
		{4812EF64-C613-4042-BD5C-43132B274964}.Debug|x64.Build.0 = Debug|x64
		{4812EF64-C613-4042-BD5C-43132B274964}.Debug|x86.ActiveCfg = Debug|Win32
		{4812EF64-C613-4042-BD5C-43132B274964}.Debug|x86.Build.0 = Debug|Win32
		{4812EF64-C613-4042-BD5C-43132B274964}.Release|x64.ActiveCfg = Release|x64
		{4812EF64-C613-4042-BD5C-43132B274964}.Release|x64.Build.0 = Release|x64
		{4812EF64-C613-4042-BD5C-43132B274964}.Release|x86.ActiveCfg = Release|Win32
		{4812EF64-C613-4042-BD5C-43132B274964}.Release|x86.Build.0 = Release|Win32
		{18EE42F8-526F-4569-B2B2-C595CEEBEC3B}.Debug|x64.ActiveCfg = Debug|x64
		{18EE42F8-526F-4569-B2B2-C595CEEBEC3B}.Debug|x64.Build.0 = Debug|x64
		{18EE42F8-526F-4569-B2B2-C595CEEBEC3B}.Debug|x86.ActiveCfg = Debug|Win32
		{18EE42F8-526F-4569-B2B2-C595CEEBEC3B}.Debug|x86.Build.0 = Debug|Win32
		{18EE42F8-526F-4569-B2B2-C595CEEBEC3B}.Release|x64.ActiveCfg = Release|x64
		{18EE42F8-526F-4569-B2B2-C595CEEBEC3B}.Release|x64.Build.0 = Release|x64
		{18EE42F8-526F-4569-B2B2-C595CEEBEC3B}.Release|x86.ActiveCfg = Release|Win32
		{18EE42F8-526F-4569-B2B2-C595CEEBEC3B}.Release|x86.Build.0 = Release|Win32
		{A48D3DB3-2597-4A48-879F-934E574AFD04}.Debug|x64.ActiveCfg = Debug|x64
		{A48D3DB3-2597-4A48-879F-934E574AFD04}.Debug|x64.Build.0 = Debug|x64
		{A48D3DB3-2597-4A48-879F-934E574AFD04}.Debug|x86.ActiveCfg = Debug|Win32
		{A48D3DB3-2597-4A48-879F-934E574AFD04}.Debug|x86.Build.0 = Debug|Win32
		{A48D3DB3-2597-4A48-879F-934E574AFD04}.Release|x64.ActiveCfg = Release|x64
		{A48D3DB3-2597-4A48-879F-934E574AFD04}.Release|x64.Build.0 = Release|x64
		{A48D3DB3-2597-4A48-879F-934E574AFD04}.Release|x86.ActiveCfg = Release|Win32
		{A48D3DB3-2597-4A48-879F-934E574AFD04}.Release|x86.Build.0 = Release|Win32
		{A9AAF5D7-A5D8-487F-BDDA-4412DAB616CA}.Debug|x64.ActiveCfg = Debug|x64
		{A9AAF5D7-A5D8-487F-BDDA-4412DAB616CA}.Debug|x64.Build.0 = Debug|x64
		{A9AAF5D7-A5D8-487F-BDDA-4412DAB616CA}.Debug|x86.ActiveCfg = Debug|Win32
		{A9AAF5D7-A5D8-487F-BDDA-4412DAB616CA}.Debug|x86.Build.0 = Debug|Win32
		{A9AAF5D7-A5D8-487F-BDDA-4412DAB616CA}.Release|x64.ActiveCfg = Release|x64
		{A9AAF5D7-A5D8-487F-BDDA-4412DAB616CA}.Release|x64.Build.0 = Release|x64
		{A9AAF5D7-A5D8-487F-BDDA-4412DAB616CA}.Release|x86.ActiveCfg = Release|Win32
		{A9AAF5D7-A5D8-487F-BDDA-4412DAB616CA}.Release|x86.Build.0 = Release|Win32
		{03E920FE-08B9-4726-84B0-F2DE943AF6B8}.Debug|x64.ActiveCfg = Debug|x64
		{03E920FE-08B9-4726-84B0-F2DE943AF6B8}.Debug|x64.Build.0 = Debug|x64
		{03E920FE-08B9-4726-84B0-F2DE943AF6B8}.Debug|x86.ActiveCfg = Debug|Win32
		{03E920FE-08B9-4726-84B0-F2DE943AF6B8}.Debug|x86.Build.0 = Debug|Win32
		{03E920FE-08B9-4726-84B0-F2DE943AF6B8}.Release|x64.ActiveCfg = Release|x64
		{03E920FE-08B9-4726-84B0-F2DE943AF6B8}.Release|x64.Build.0 = Release|x64
		{03E920FE-08B9-4726-84B0-F2DE943AF6B8}.Release|x86.ActiveCfg = Release|Win32
		{03E920FE-08B9-4726-84B0-F2DE943AF6B8}.Release|x86.Build.0 = Release|Win32
		{379AC64A-C1D9-48A8-B5F0-0AFBB7AAB120}.Debug|x64.ActiveCfg = Debug|x64
		{379AC64A-C1D9-48A8-B5F0-0AFBB7AAB120}.Debug|x64.Build.0 = Debug|x64
		{379AC64A-C1D9-48A8-B5F0-0AFBB7AAB120}.Debug|x86.ActiveCfg = Debug|Win32
		{379AC64A-C1D9-48A8-B5F0-0AFBB7AAB120}.Debug|x86.Build.0 = Debug|Win32
		{379AC64A-C1D9-48A8-B5F0-0AFBB7AAB120}.Release|x64.ActiveCfg = Release|x64
		{379AC64A-C1D9-48A8-B5F0-0AFBB7AAB120}.Release|x64.Build.0 = Release|x64
		{379AC64A-C1D9-48A8-B5F0-0AFBB7AAB120}.Release|x86.ActiveCfg = Release|Win32
		{379AC64A-C1D9-48A8-B5F0-0AFBB7AAB120}.Release|x86.Build.0 = Release|Win32
	EndGlobalSection
	GlobalSection(SolutionProperties) = preSolution
		HideSolutionNode = FALSE
	EndGlobalSection
	GlobalSection(ExtensibilityGlobals) = postSolution
		SolutionGuid = {2B9A99EE-A807-4708-A5A0-B855BA699917}
	EndGlobalSection
EndGlobal
